
Microsoft Visual Studio Solution File, Format Version 12.00
# Visual Studio Version 17
VisualStudioVersion = 17.6.33723.286
MinimumVisualStudioVersion = 10.0.40219.1
Project("{FAE04EC0-301F-11D3-BF4B-00C04F79EFBC}") = "EscapeFromHighschool", "EscapeFromHighschool\EscapeFromHighschool.csproj", "{C3A9F26A-0BD5-4054-9D57-D5ACF9C28573}"
EndProject
Project("{FAE04EC0-301F-11D3-BF4B-00C04F79EFBC}") = "auditorium", "..\auditorium\auditorium.csproj", "{77266C2B-45E5-4A74-A445-A8727430747D}"
EndProject
Project("{9A19103F-16F7-4668-BE54-9A1E7A4F7556}") = "ComputerRoom", "..\ComputerRoom\ComputerRoom\ComputerRoom.csproj", "{9E55F016-3109-4A0D-80CC-F0131FD20A73}"
EndProject
Project("{FAE04EC0-301F-11D3-BF4B-00C04F79EFBC}") = "SWGame", "..\ScienceRoom\SWGame\SWGame.csproj", "{B7E65CA4-EB55-48F0-A8C8-7A154B218047}"
EndProject
Global
	GlobalSection(SolutionConfigurationPlatforms) = preSolution
		Debug|Any CPU = Debug|Any CPU
		Release|Any CPU = Release|Any CPU
	EndGlobalSection
	GlobalSection(ProjectConfigurationPlatforms) = postSolution
		{C3A9F26A-0BD5-4054-9D57-D5ACF9C28573}.Debug|Any CPU.ActiveCfg = Debug|Any CPU
		{C3A9F26A-0BD5-4054-9D57-D5ACF9C28573}.Debug|Any CPU.Build.0 = Debug|Any CPU
		{C3A9F26A-0BD5-4054-9D57-D5ACF9C28573}.Release|Any CPU.ActiveCfg = Release|Any CPU
		{C3A9F26A-0BD5-4054-9D57-D5ACF9C28573}.Release|Any CPU.Build.0 = Release|Any CPU
		{77266C2B-45E5-4A74-A445-A8727430747D}.Debug|Any CPU.ActiveCfg = Debug|Any CPU
		{77266C2B-45E5-4A74-A445-A8727430747D}.Debug|Any CPU.Build.0 = Debug|Any CPU
		{77266C2B-45E5-4A74-A445-A8727430747D}.Release|Any CPU.ActiveCfg = Release|Any CPU
		{77266C2B-45E5-4A74-A445-A8727430747D}.Release|Any CPU.Build.0 = Release|Any CPU
		{9E55F016-3109-4A0D-80CC-F0131FD20A73}.Debug|Any CPU.ActiveCfg = Debug|Any CPU
		{9E55F016-3109-4A0D-80CC-F0131FD20A73}.Debug|Any CPU.Build.0 = Debug|Any CPU
		{9E55F016-3109-4A0D-80CC-F0131FD20A73}.Release|Any CPU.ActiveCfg = Release|Any CPU
		{9E55F016-3109-4A0D-80CC-F0131FD20A73}.Release|Any CPU.Build.0 = Release|Any CPU
		{B7E65CA4-EB55-48F0-A8C8-7A154B218047}.Debug|Any CPU.ActiveCfg = Debug|Any CPU
		{B7E65CA4-EB55-48F0-A8C8-7A154B218047}.Debug|Any CPU.Build.0 = Debug|Any CPU
		{B7E65CA4-EB55-48F0-A8C8-7A154B218047}.Release|Any CPU.ActiveCfg = Release|Any CPU
		{B7E65CA4-EB55-48F0-A8C8-7A154B218047}.Release|Any CPU.Build.0 = Release|Any CPU
	EndGlobalSection
	GlobalSection(SolutionProperties) = preSolution
		HideSolutionNode = FALSE
	EndGlobalSection
	GlobalSection(ExtensibilityGlobals) = postSolution
		SolutionGuid = {E624474F-1172-4253-BD41-911C9BE03AF1}
	EndGlobalSection
EndGlobal
