
Microsoft Visual Studio Solution File, Format Version 12.00
# Visual Studio Version 16
VisualStudioVersion = 16.0.33328.57
MinimumVisualStudioVersion = 10.0.40219.1
Project("{FAE04EC0-301F-11D3-BF4B-00C04F79EFBC}") = "EscapeFromHighschool", "EscapeFromHighschool\EscapeFromHighschool.csproj", "{C3A9F26A-0BD5-4054-9D57-D5ACF9C28573}"
EndProject
Global
	GlobalSection(SolutionConfigurationPlatforms) = preSolution
		Debug|Any CPU = Debug|Any CPU
		Release|Any CPU = Release|Any CPU
	EndGlobalSection
	GlobalSection(ProjectConfigurationPlatforms) = postSolution
		{C3A9F26A-0BD5-4054-9D57-D5ACF9C28573}.Debug|Any CPU.ActiveCfg = Debug|Any CPU
		{C3A9F26A-0BD5-4054-9D57-D5ACF9C28573}.Debug|Any CPU.Build.0 = Debug|Any CPU
		{C3A9F26A-0BD5-4054-9D57-D5ACF9C28573}.Release|Any CPU.ActiveCfg = Release|Any CPU
		{C3A9F26A-0BD5-4054-9D57-D5ACF9C28573}.Release|Any CPU.Build.0 = Release|Any CPU
	EndGlobalSection
	GlobalSection(SolutionProperties) = preSolution
		HideSolutionNode = FALSE
	EndGlobalSection
	GlobalSection(ExtensibilityGlobals) = postSolution
		SolutionGuid = {E624474F-1172-4253-BD41-911C9BE03AF1}
	EndGlobalSection
EndGlobal
