
Microsoft Visual Studio Solution File, Format Version 12.00
# Visual Studio Version 16
VisualStudioVersion = 16.0.33328.57
MinimumVisualStudioVersion = 10.0.40219.1
Project("{FAE04EC0-301F-11D3-BF4B-00C04F79EFBC}") = "week10", "week10\week10.csproj", "{D08E5A1E-DB57-4E4C-B07A-47EDF3B5EBCB}"
EndProject
Project("{FAE04EC0-301F-11D3-BF4B-00C04F79EFBC}") = "week10_2", "week10_2\week10_2.csproj", "{D302F5EB-9132-40F8-BE12-46C0E8A94D3B}"
EndProject
Project("{FAE04EC0-301F-11D3-BF4B-00C04F79EFBC}") = "week10_3", "week10_3\week10_3.csproj", "{7A0811D8-E643-4448-B145-0DBF1842D4CF}"
EndProject
Project("{FAE04EC0-301F-11D3-BF4B-00C04F79EFBC}") = "week10_4", "week10_4\week10_4.csproj", "{AB427441-5A19-4440-9E5A-930A8C430EFA}"
EndProject
Project("{FAE04EC0-301F-11D3-BF4B-00C04F79EFBC}") = "week10_5", "week10_5\week10_5.csproj", "{78D2B18F-2E81-4657-A561-E12DF52EDD02}"
EndProject
Global
	GlobalSection(SolutionConfigurationPlatforms) = preSolution
		Debug|Any CPU = Debug|Any CPU
		Release|Any CPU = Release|Any CPU
	EndGlobalSection
	GlobalSection(ProjectConfigurationPlatforms) = postSolution
		{D08E5A1E-DB57-4E4C-B07A-47EDF3B5EBCB}.Debug|Any CPU.ActiveCfg = Debug|Any CPU
		{D08E5A1E-DB57-4E4C-B07A-47EDF3B5EBCB}.Debug|Any CPU.Build.0 = Debug|Any CPU
		{D08E5A1E-DB57-4E4C-B07A-47EDF3B5EBCB}.Release|Any CPU.ActiveCfg = Release|Any CPU
		{D08E5A1E-DB57-4E4C-B07A-47EDF3B5EBCB}.Release|Any CPU.Build.0 = Release|Any CPU
		{D302F5EB-9132-40F8-BE12-46C0E8A94D3B}.Debug|Any CPU.ActiveCfg = Debug|Any CPU
		{D302F5EB-9132-40F8-BE12-46C0E8A94D3B}.Debug|Any CPU.Build.0 = Debug|Any CPU
		{D302F5EB-9132-40F8-BE12-46C0E8A94D3B}.Release|Any CPU.ActiveCfg = Release|Any CPU
		{D302F5EB-9132-40F8-BE12-46C0E8A94D3B}.Release|Any CPU.Build.0 = Release|Any CPU
		{7A0811D8-E643-4448-B145-0DBF1842D4CF}.Debug|Any CPU.ActiveCfg = Debug|Any CPU
		{7A0811D8-E643-4448-B145-0DBF1842D4CF}.Debug|Any CPU.Build.0 = Debug|Any CPU
		{7A0811D8-E643-4448-B145-0DBF1842D4CF}.Release|Any CPU.ActiveCfg = Release|Any CPU
		{7A0811D8-E643-4448-B145-0DBF1842D4CF}.Release|Any CPU.Build.0 = Release|Any CPU
		{AB427441-5A19-4440-9E5A-930A8C430EFA}.Debug|Any CPU.ActiveCfg = Debug|Any CPU
		{AB427441-5A19-4440-9E5A-930A8C430EFA}.Debug|Any CPU.Build.0 = Debug|Any CPU
		{AB427441-5A19-4440-9E5A-930A8C430EFA}.Release|Any CPU.ActiveCfg = Release|Any CPU
		{AB427441-5A19-4440-9E5A-930A8C430EFA}.Release|Any CPU.Build.0 = Release|Any CPU
		{78D2B18F-2E81-4657-A561-E12DF52EDD02}.Debug|Any CPU.ActiveCfg = Debug|Any CPU
		{78D2B18F-2E81-4657-A561-E12DF52EDD02}.Debug|Any CPU.Build.0 = Debug|Any CPU
		{78D2B18F-2E81-4657-A561-E12DF52EDD02}.Release|Any CPU.ActiveCfg = Release|Any CPU
		{78D2B18F-2E81-4657-A561-E12DF52EDD02}.Release|Any CPU.Build.0 = Release|Any CPU
	EndGlobalSection
	GlobalSection(SolutionProperties) = preSolution
		HideSolutionNode = FALSE
	EndGlobalSection
	GlobalSection(ExtensibilityGlobals) = postSolution
		SolutionGuid = {33F02B7E-30CC-4E2E-A410-3A1389C9B80A}
	EndGlobalSection
EndGlobal
