
Microsoft Visual Studio Solution File, Format Version 12.00
# Visual Studio Version 17
VisualStudioVersion = 17.5.33502.453
MinimumVisualStudioVersion = 10.0.40219.1
Project("{FAE04EC0-301F-11D3-BF4B-00C04F79EFBC}") = "5_18_2", "5_18_2\5_18_2.csproj", "{72C3B835-7CF2-4387-965A-36A02359893A}"
EndProject
Project("{FAE04EC0-301F-11D3-BF4B-00C04F79EFBC}") = "5_18_Lambda", "5_18_Lambda\5_18_Lambda.csproj", "{94D2A516-EAC7-4193-8B59-99252024D9E7}"
EndProject
Global
	GlobalSection(SolutionConfigurationPlatforms) = preSolution
		Debug|Any CPU = Debug|Any CPU
		Release|Any CPU = Release|Any CPU
	EndGlobalSection
	GlobalSection(ProjectConfigurationPlatforms) = postSolution
		{72C3B835-7CF2-4387-965A-36A02359893A}.Debug|Any CPU.ActiveCfg = Debug|Any CPU
		{72C3B835-7CF2-4387-965A-36A02359893A}.Debug|Any CPU.Build.0 = Debug|Any CPU
		{72C3B835-7CF2-4387-965A-36A02359893A}.Release|Any CPU.ActiveCfg = Release|Any CPU
		{72C3B835-7CF2-4387-965A-36A02359893A}.Release|Any CPU.Build.0 = Release|Any CPU
		{94D2A516-EAC7-4193-8B59-99252024D9E7}.Debug|Any CPU.ActiveCfg = Debug|Any CPU
		{94D2A516-EAC7-4193-8B59-99252024D9E7}.Debug|Any CPU.Build.0 = Debug|Any CPU
		{94D2A516-EAC7-4193-8B59-99252024D9E7}.Release|Any CPU.ActiveCfg = Release|Any CPU
		{94D2A516-EAC7-4193-8B59-99252024D9E7}.Release|Any CPU.Build.0 = Release|Any CPU
	EndGlobalSection
	GlobalSection(SolutionProperties) = preSolution
		HideSolutionNode = FALSE
	EndGlobalSection
	GlobalSection(ExtensibilityGlobals) = postSolution
		SolutionGuid = {F159F921-77E7-45C7-8189-AF46969516BC}
	EndGlobalSection
EndGlobal
