
Microsoft Visual Studio Solution File, Format Version 12.00
# Visual Studio Version 17
VisualStudioVersion = 17.5.33502.453
MinimumVisualStudioVersion = 10.0.40219.1
Project("{FAE04EC0-301F-11D3-BF4B-00C04F79EFBC}") = "5_18", "5_18\5_18.csproj", "{F18878F2-DDC1-4900-8D9F-ED01FFE16D61}"
EndProject
Global
	GlobalSection(SolutionConfigurationPlatforms) = preSolution
		Debug|Any CPU = Debug|Any CPU
		Release|Any CPU = Release|Any CPU
	EndGlobalSection
	GlobalSection(ProjectConfigurationPlatforms) = postSolution
		{F18878F2-DDC1-4900-8D9F-ED01FFE16D61}.Debug|Any CPU.ActiveCfg = Debug|Any CPU
		{F18878F2-DDC1-4900-8D9F-ED01FFE16D61}.Debug|Any CPU.Build.0 = Debug|Any CPU
		{F18878F2-DDC1-4900-8D9F-ED01FFE16D61}.Release|Any CPU.ActiveCfg = Release|Any CPU
		{F18878F2-DDC1-4900-8D9F-ED01FFE16D61}.Release|Any CPU.Build.0 = Release|Any CPU
	EndGlobalSection
	GlobalSection(SolutionProperties) = preSolution
		HideSolutionNode = FALSE
	EndGlobalSection
	GlobalSection(ExtensibilityGlobals) = postSolution
		SolutionGuid = {FF0CFED8-96BB-413A-9321-0E5DFC594403}
	EndGlobalSection
EndGlobal
